{
  "name": "GATE",
  "lockfileVersion": 2,
  "requires": true,
  "packages": {
    "": {
      "dependencies": {
        "cluster": "^0.7.7",
        "http-pooling-agent": "^1.0.0",
        "ws": "^8.5.0"
      }
    },
    "node_modules/cluster": {
      "version": "0.7.7",
      "resolved": "https://registry.npmjs.org/cluster/-/cluster-0.7.7.tgz",
      "integrity": "sha1-5JfiZ8yVa9CwUTrbSqOTNX0Ahe8=",
      "dependencies": {
        "log": ">= 1.2.0",
        "mkdirp": ">= 0.0.1"
      },
      "engines": {
        "node": "*"
      }
    },
    "node_modules/d": {
      "version": "1.0.1",
      "resolved": "https://registry.npmjs.org/d/-/d-1.0.1.tgz",
      "integrity": "sha512-m62ShEObQ39CfralilEQRjH6oAMtNCV1xJyEx5LpRYUVN+EviphDgUc/F3hnYbADmkiNs67Y+3ylmlG7Lnu+FA==",
      "dependencies": {
        "es5-ext": "^0.10.50",
        "type": "^1.0.1"
      }
    },
    "node_modules/d/node_modules/type": {
      "version": "1.2.0",
      "resolved": "https://registry.npmjs.org/type/-/type-1.2.0.tgz",
      "integrity": "sha512-+5nt5AAniqsCnu2cEQQdpzCAh33kVx8n0VoFidKpB1dVVLAN/F+bgVOqOJqOnEnrhp222clB5p3vUlD+1QAnfg=="
    },
    "node_modules/duration": {
      "version": "0.2.2",
      "resolved": "https://registry.npmjs.org/duration/-/duration-0.2.2.tgz",
      "integrity": "sha512-06kgtea+bGreF5eKYgI/36A6pLXggY7oR4p1pq4SmdFBn1ReOL5D8RhG64VrqfTTKNucqqtBAwEj8aB88mcqrg==",
      "dependencies": {
        "d": "1",
        "es5-ext": "~0.10.46"
      }
    },
    "node_modules/es5-ext": {
      "version": "0.10.56",
      "resolved": "https://registry.npmjs.org/es5-ext/-/es5-ext-0.10.56.tgz",
      "integrity": "sha512-YUhqzoMnIjMW5y8FzaMxsCu0eWCwq32GrlwhOhbQmL5OiZReWFm/KvRiYuvqf3CaG/zZ36Kyb4KfVe674cafCQ==",
      "hasInstallScript": true,
      "dependencies": {
        "es6-iterator": "^2.0.3",
        "es6-symbol": "^3.1.3",
        "next-tick": "^1.1.0"
      },
      "engines": {
        "node": ">=0.10"
      }
    },
    "node_modules/es6-iterator": {
      "version": "2.0.3",
      "resolved": "https://registry.npmjs.org/es6-iterator/-/es6-iterator-2.0.3.tgz",
      "integrity": "sha1-p96IkUGgWpSwhUQDstCg+/qY87c=",
      "dependencies": {
        "d": "1",
        "es5-ext": "^0.10.35",
        "es6-symbol": "^3.1.1"
      }
    },
    "node_modules/es6-symbol": {
      "version": "3.1.3",
      "resolved": "https://registry.npmjs.org/es6-symbol/-/es6-symbol-3.1.3.tgz",
      "integrity": "sha512-NJ6Yn3FuDinBaBRWl/q5X/s4koRHBrgKAu+yGI6JCBeiu3qrcbJhwT2GeR/EXVfylRk8dpQVJoLEFhK+Mu31NA==",
      "dependencies": {
        "d": "^1.0.1",
        "ext": "^1.1.2"
      }
    },
    "node_modules/event-emitter": {
      "version": "0.3.5",
      "resolved": "https://registry.npmjs.org/event-emitter/-/event-emitter-0.3.5.tgz",
      "integrity": "sha1-34xp7vFkeSPHFXuc6DhAYQsCzDk=",
      "dependencies": {
        "d": "1",
        "es5-ext": "~0.10.14"
      }
    },
    "node_modules/ext": {
      "version": "1.6.0",
      "resolved": "https://registry.npmjs.org/ext/-/ext-1.6.0.tgz",
      "integrity": "sha512-sdBImtzkq2HpkdRLtlLWDa6w4DX22ijZLKx8BMPUuKe1c5lbN6xwQDQCxSfxBQnHZ13ls/FH0MQZx/q/gr6FQg==",
      "dependencies": {
        "type": "^2.5.0"
      }
    },
    "node_modules/http-pooling-agent": {
      "version": "1.0.0",
      "resolved": "https://registry.npmjs.org/http-pooling-agent/-/http-pooling-agent-1.0.0.tgz",
      "integrity": "sha1-75Jlp0PnhU5hGgnyzrUOMr5rTxk=",
      "engines": {
        "node": ">= 0.10.26"
      }
    },
    "node_modules/log": {
      "version": "6.3.1",
      "resolved": "https://registry.npmjs.org/log/-/log-6.3.1.tgz",
      "integrity": "sha512-McG47rJEWOkXTDioZzQNydAVvZNeEkSyLJ1VWkFwfW+o1knW+QSi8D1KjPn/TnctV+q99lkvJNe1f0E1IjfY2A==",
      "dependencies": {
        "d": "^1.0.1",
        "duration": "^0.2.2",
        "es5-ext": "^0.10.53",
        "event-emitter": "^0.3.5",
        "sprintf-kit": "^2.0.1",
        "type": "^2.5.0",
        "uni-global": "^1.0.0"
      }
    },
    "node_modules/mkdirp": {
      "version": "1.0.4",
      "resolved": "https://registry.npmjs.org/mkdirp/-/mkdirp-1.0.4.tgz",
      "integrity": "sha512-vVqVZQyf3WLx2Shd0qJ9xuvqgAyKPLAiqITEtqW0oIUjzo3PePDd6fW9iFz30ef7Ysp/oiWqbhszeGWW2T6Gzw==",
      "bin": {
        "mkdirp": "bin/cmd.js"
      },
      "engines": {
        "node": ">=10"
      }
    },
    "node_modules/next-tick": {
      "version": "1.1.0",
      "resolved": "https://registry.npmjs.org/next-tick/-/next-tick-1.1.0.tgz",
      "integrity": "sha512-CXdUiJembsNjuToQvxayPZF9Vqht7hewsvy2sOWafLvi2awflj9mOC6bHIg50orX8IJvWKY9wYQ/zB2kogPslQ=="
    },
    "node_modules/sprintf-kit": {
      "version": "2.0.1",
      "resolved": "https://registry.npmjs.org/sprintf-kit/-/sprintf-kit-2.0.1.tgz",
      "integrity": "sha512-2PNlcs3j5JflQKcg4wpdqpZ+AjhQJ2OZEo34NXDtlB0tIPG84xaaXhpA8XFacFiwjKA4m49UOYG83y3hbMn/gQ==",
      "dependencies": {
        "es5-ext": "^0.10.53"
      }
    },
    "node_modules/type": {
      "version": "2.6.0",
      "resolved": "https://registry.npmjs.org/type/-/type-2.6.0.tgz",
      "integrity": "sha512-eiDBDOmkih5pMbo9OqsqPRGMljLodLcwd5XD5JbtNB0o89xZAwynY9EdCDsJU7LtcVCClu9DvM7/0Ep1hYX3EQ=="
    },
    "node_modules/uni-global": {
      "version": "1.0.0",
      "resolved": "https://registry.npmjs.org/uni-global/-/uni-global-1.0.0.tgz",
      "integrity": "sha512-WWM3HP+siTxzIWPNUg7hZ4XO8clKi6NoCAJJWnuRL+BAqyFXF8gC03WNyTefGoUXYc47uYgXxpKLIEvo65PEHw==",
      "dependencies": {
        "type": "^2.5.0"
      }
    },
    "node_modules/ws": {
      "version": "8.5.0",
      "resolved": "https://registry.npmjs.org/ws/-/ws-8.5.0.tgz",
      "integrity": "sha512-BWX0SWVgLPzYwF8lTzEy1egjhS4S4OEAHfsO8o65WOVsrnSRGaSiUaa9e0ggGlkMTtBlmOpEXiie9RUcBO86qg==",
      "engines": {
        "node": ">=10.0.0"
      },
      "peerDependencies": {
        "bufferutil": "^4.0.1",
        "utf-8-validate": "^5.0.2"
      },
      "peerDependenciesMeta": {
        "bufferutil": {
          "optional": true
        },
        "utf-8-validate": {
          "optional": true
        }
      }
    }
  },
  "dependencies": {
    "cluster": {
      "version": "0.7.7",
      "resolved": "https://registry.npmjs.org/cluster/-/cluster-0.7.7.tgz",
      "integrity": "sha1-5JfiZ8yVa9CwUTrbSqOTNX0Ahe8=",
      "requires": {
        "log": ">= 1.2.0",
        "mkdirp": ">= 0.0.1"
      }
    },
    "d": {
      "version": "1.0.1",
      "resolved": "https://registry.npmjs.org/d/-/d-1.0.1.tgz",
      "integrity": "sha512-m62ShEObQ39CfralilEQRjH6oAMtNCV1xJyEx5LpRYUVN+EviphDgUc/F3hnYbADmkiNs67Y+3ylmlG7Lnu+FA==",
      "requires": {
        "es5-ext": "^0.10.50",
        "type": "^1.0.1"
      },
      "dependencies": {
        "type": {
          "version": "1.2.0",
          "resolved": "https://registry.npmjs.org/type/-/type-1.2.0.tgz",
          "integrity": "sha512-+5nt5AAniqsCnu2cEQQdpzCAh33kVx8n0VoFidKpB1dVVLAN/F+bgVOqOJqOnEnrhp222clB5p3vUlD+1QAnfg=="
        }
      }
    },
    "duration": {
      "version": "0.2.2",
      "resolved": "https://registry.npmjs.org/duration/-/duration-0.2.2.tgz",
      "integrity": "sha512-06kgtea+bGreF5eKYgI/36A6pLXggY7oR4p1pq4SmdFBn1ReOL5D8RhG64VrqfTTKNucqqtBAwEj8aB88mcqrg==",
      "requires": {
        "d": "1",
        "es5-ext": "~0.10.46"
      }
    },
    "es5-ext": {
      "version": "0.10.56",
      "resolved": "https://registry.npmjs.org/es5-ext/-/es5-ext-0.10.56.tgz",
      "integrity": "sha512-YUhqzoMnIjMW5y8FzaMxsCu0eWCwq32GrlwhOhbQmL5OiZReWFm/KvRiYuvqf3CaG/zZ36Kyb4KfVe674cafCQ==",
      "requires": {
        "es6-iterator": "^2.0.3",
        "es6-symbol": "^3.1.3",
        "next-tick": "^1.1.0"
      }
    },
    "es6-iterator": {
      "version": "2.0.3",
      "resolved": "https://registry.npmjs.org/es6-iterator/-/es6-iterator-2.0.3.tgz",
      "integrity": "sha1-p96IkUGgWpSwhUQDstCg+/qY87c=",
      "requires": {
        "d": "1",
        "es5-ext": "^0.10.35",
        "es6-symbol": "^3.1.1"
      }
    },
    "es6-symbol": {
      "version": "3.1.3",
      "resolved": "https://registry.npmjs.org/es6-symbol/-/es6-symbol-3.1.3.tgz",
      "integrity": "sha512-NJ6Yn3FuDinBaBRWl/q5X/s4koRHBrgKAu+yGI6JCBeiu3qrcbJhwT2GeR/EXVfylRk8dpQVJoLEFhK+Mu31NA==",
      "requires": {
        "d": "^1.0.1",
        "ext": "^1.1.2"
      }
    },
    "event-emitter": {
      "version": "0.3.5",
      "resolved": "https://registry.npmjs.org/event-emitter/-/event-emitter-0.3.5.tgz",
      "integrity": "sha1-34xp7vFkeSPHFXuc6DhAYQsCzDk=",
      "requires": {
        "d": "1",
        "es5-ext": "~0.10.14"
      }
    },
    "ext": {
      "version": "1.6.0",
      "resolved": "https://registry.npmjs.org/ext/-/ext-1.6.0.tgz",
      "integrity": "sha512-sdBImtzkq2HpkdRLtlLWDa6w4DX22ijZLKx8BMPUuKe1c5lbN6xwQDQCxSfxBQnHZ13ls/FH0MQZx/q/gr6FQg==",
      "requires": {
        "type": "^2.5.0"
      }
    },
    "http-pooling-agent": {
      "version": "1.0.0",
      "resolved": "https://registry.npmjs.org/http-pooling-agent/-/http-pooling-agent-1.0.0.tgz",
      "integrity": "sha1-75Jlp0PnhU5hGgnyzrUOMr5rTxk="
    },
    "log": {
      "version": "6.3.1",
      "resolved": "https://registry.npmjs.org/log/-/log-6.3.1.tgz",
      "integrity": "sha512-McG47rJEWOkXTDioZzQNydAVvZNeEkSyLJ1VWkFwfW+o1knW+QSi8D1KjPn/TnctV+q99lkvJNe1f0E1IjfY2A==",
      "requires": {
        "d": "^1.0.1",
        "duration": "^0.2.2",
        "es5-ext": "^0.10.53",
        "event-emitter": "^0.3.5",
        "sprintf-kit": "^2.0.1",
        "type": "^2.5.0",
        "uni-global": "^1.0.0"
      }
    },
    "mkdirp": {
      "version": "1.0.4",
      "resolved": "https://registry.npmjs.org/mkdirp/-/mkdirp-1.0.4.tgz",
      "integrity": "sha512-vVqVZQyf3WLx2Shd0qJ9xuvqgAyKPLAiqITEtqW0oIUjzo3PePDd6fW9iFz30ef7Ysp/oiWqbhszeGWW2T6Gzw=="
    },
    "next-tick": {
      "version": "1.1.0",
      "resolved": "https://registry.npmjs.org/next-tick/-/next-tick-1.1.0.tgz",
      "integrity": "sha512-CXdUiJembsNjuToQvxayPZF9Vqht7hewsvy2sOWafLvi2awflj9mOC6bHIg50orX8IJvWKY9wYQ/zB2kogPslQ=="
    },
    "sprintf-kit": {
      "version": "2.0.1",
      "resolved": "https://registry.npmjs.org/sprintf-kit/-/sprintf-kit-2.0.1.tgz",
      "integrity": "sha512-2PNlcs3j5JflQKcg4wpdqpZ+AjhQJ2OZEo34NXDtlB0tIPG84xaaXhpA8XFacFiwjKA4m49UOYG83y3hbMn/gQ==",
      "requires": {
        "es5-ext": "^0.10.53"
      }
    },
    "type": {
      "version": "2.6.0",
      "resolved": "https://registry.npmjs.org/type/-/type-2.6.0.tgz",
      "integrity": "sha512-eiDBDOmkih5pMbo9OqsqPRGMljLodLcwd5XD5JbtNB0o89xZAwynY9EdCDsJU7LtcVCClu9DvM7/0Ep1hYX3EQ=="
    },
    "uni-global": {
      "version": "1.0.0",
      "resolved": "https://registry.npmjs.org/uni-global/-/uni-global-1.0.0.tgz",
      "integrity": "sha512-WWM3HP+siTxzIWPNUg7hZ4XO8clKi6NoCAJJWnuRL+BAqyFXF8gC03WNyTefGoUXYc47uYgXxpKLIEvo65PEHw==",
      "requires": {
        "type": "^2.5.0"
      }
    },
    "ws": {
      "version": "8.5.0",
      "resolved": "https://registry.npmjs.org/ws/-/ws-8.5.0.tgz",
      "integrity": "sha512-BWX0SWVgLPzYwF8lTzEy1egjhS4S4OEAHfsO8o65WOVsrnSRGaSiUaa9e0ggGlkMTtBlmOpEXiie9RUcBO86qg==",
      "requires": {}
    }
  }
}
